// !$*UTF8*$!
{
	archiveVersion = 1;
	classes = {
	};
	objectVersion = 46;
	objects = {

/* Begin PBXBuildFile section */
		581D2269190F79DF008FEE34 /* Foundation.framework in Frameworks */ = {isa = PBXBuildFile; fileRef = 581D2268190F79DF008FEE34 /* Foundation.framework */; };
		581D226B190F79DF008FEE34 /* CoreGraphics.framework in Frameworks */ = {isa = PBXBuildFile; fileRef = 581D226A190F79DF008FEE34 /* CoreGraphics.framework */; };
		581D226D190F79DF008FEE34 /* UIKit.framework in Frameworks */ = {isa = PBXBuildFile; fileRef = 581D226C190F79DF008FEE34 /* UIKit.framework */; };
		581D2273190F79DF008FEE34 /* InfoPlist.strings in Resources */ = {isa = PBXBuildFile; fileRef = 581D2271190F79DF008FEE34 /* InfoPlist.strings */; };
		581D2275190F79DF008FEE34 /* main.m in Sources */ = {isa = PBXBuildFile; fileRef = 581D2274190F79DF008FEE34 /* main.m */; };
		581D2279190F79DF008FEE34 /* AppDelegate.m in Sources */ = {isa = PBXBuildFile; fileRef = 581D2278190F79DF008FEE34 /* AppDelegate.m */; };
		581D227C190F79DF008FEE34 /* Main.storyboard in Resources */ = {isa = PBXBuildFile; fileRef = 581D227A190F79DF008FEE34 /* Main.storyboard */; };
		581D227F190F79DF008FEE34 /* ViewController.m in Sources */ = {isa = PBXBuildFile; fileRef = 581D227E190F79DF008FEE34 /* ViewController.m */; };
		581D2281190F79DF008FEE34 /* Images.xcassets in Resources */ = {isa = PBXBuildFile; fileRef = 581D2280190F79DF008FEE34 /* Images.xcassets */; };
		581D2288190F79E0008FEE34 /* XCTest.framework in Frameworks */ = {isa = PBXBuildFile; fileRef = 581D2287190F79E0008FEE34 /* XCTest.framework */; };
		581D2289190F79E0008FEE34 /* Foundation.framework in Frameworks */ = {isa = PBXBuildFile; fileRef = 581D2268190F79DF008FEE34 /* Foundation.framework */; };
		581D228A190F79E0008FEE34 /* UIKit.framework in Frameworks */ = {isa = PBXBuildFile; fileRef = 581D226C190F79DF008FEE34 /* UIKit.framework */; };
		581D2292190F79E0008FEE34 /* InfoPlist.strings in Resources */ = {isa = PBXBuildFile; fileRef = 581D2290190F79E0008FEE34 /* InfoPlist.strings */; };
		581D2294190F79E0008FEE34 /* CrashReportTests.m in Sources */ = {isa = PBXBuildFile; fileRef = 581D2293190F79E0008FEE34 /* CrashReportTests.m */; };
/* End PBXBuildFile section */

/* Begin PBXContainerItemProxy section */
		581D228B190F79E0008FEE34 /* PBXContainerItemProxy */ = {
			isa = PBXContainerItemProxy;
			containerPortal = 581D225D190F79DF008FEE34 /* Project object */;
			proxyType = 1;
			remoteGlobalIDString = 581D2264190F79DF008FEE34;
			remoteInfo = CrashReport;
		};
/* End PBXContainerItemProxy section */

/* Begin PBXFileReference section */
		581D2265190F79DF008FEE34 /* CrashReport.app */ = {isa = PBXFileReference; explicitFileType = wrapper.application; includeInIndex = 0; path = CrashReport.app; sourceTree = BUILT_PRODUCTS_DIR; };
		581D2268190F79DF008FEE34 /* Foundation.framework */ = {isa = PBXFileReference; lastKnownFileType = wrapper.framework; name = Foundation.framework; path = System/Library/Frameworks/Foundation.framework; sourceTree = SDKROOT; };
		581D226A190F79DF008FEE34 /* CoreGraphics.framework */ = {isa = PBXFileReference; lastKnownFileType = wrapper.framework; name = CoreGraphics.framework; path = System/Library/Frameworks/CoreGraphics.framework; sourceTree = SDKROOT; };
		581D226C190F79DF008FEE34 /* UIKit.framework */ = {isa = PBXFileReference; lastKnownFileType = wrapper.framework; name = UIKit.framework; path = System/Library/Frameworks/UIKit.framework; sourceTree = SDKROOT; };
		581D2270190F79DF008FEE34 /* CrashReport-Info.plist */ = {isa = PBXFileReference; lastKnownFileType = text.plist.xml; path = "CrashReport-Info.plist"; sourceTree = "<group>"; };
		581D2272190F79DF008FEE34 /* en */ = {isa = PBXFileReference; lastKnownFileType = text.plist.strings; name = en; path = en.lproj/InfoPlist.strings; sourceTree = "<group>"; };
		581D2274190F79DF008FEE34 /* main.m */ = {isa = PBXFileReference; lastKnownFileType = sourcecode.c.objc; path = main.m; sourceTree = "<group>"; };
		581D2276190F79DF008FEE34 /* CrashReport-Prefix.pch */ = {isa = PBXFileReference; lastKnownFileType = sourcecode.c.h; path = "CrashReport-Prefix.pch"; sourceTree = "<group>"; };
		581D2277190F79DF008FEE34 /* AppDelegate.h */ = {isa = PBXFileReference; lastKnownFileType = sourcecode.c.h; path = AppDelegate.h; sourceTree = "<group>"; };
		581D2278190F79DF008FEE34 /* AppDelegate.m */ = {isa = PBXFileReference; lastKnownFileType = sourcecode.c.objc; path = AppDelegate.m; sourceTree = "<group>"; };
		581D227B190F79DF008FEE34 /* Base */ = {isa = PBXFileReference; lastKnownFileType = file.storyboard; name = Base; path = Base.lproj/Main.storyboard; sourceTree = "<group>"; };
		581D227D190F79DF008FEE34 /* ViewController.h */ = {isa = PBXFileReference; lastKnownFileType = sourcecode.c.h; path = ViewController.h; sourceTree = "<group>"; };
		581D227E190F79DF008FEE34 /* ViewController.m */ = {isa = PBXFileReference; lastKnownFileType = sourcecode.c.objc; path = ViewController.m; sourceTree = "<group>"; };
		581D2280190F79DF008FEE34 /* Images.xcassets */ = {isa = PBXFileReference; lastKnownFileType = folder.assetcatalog; path = Images.xcassets; sourceTree = "<group>"; };
		581D2286190F79E0008FEE34 /* CrashReportTests.xctest */ = {isa = PBXFileReference; explicitFileType = wrapper.cfbundle; includeInIndex = 0; path = CrashReportTests.xctest; sourceTree = BUILT_PRODUCTS_DIR; };
		581D2287190F79E0008FEE34 /* XCTest.framework */ = {isa = PBXFileReference; lastKnownFileType = wrapper.framework; name = XCTest.framework; path = Library/Frameworks/XCTest.framework; sourceTree = DEVELOPER_DIR; };
		581D228F190F79E0008FEE34 /* CrashReportTests-Info.plist */ = {isa = PBXFileReference; lastKnownFileType = text.plist.xml; path = "CrashReportTests-Info.plist"; sourceTree = "<group>"; };
		581D2291190F79E0008FEE34 /* en */ = {isa = PBXFileReference; lastKnownFileType = text.plist.strings; name = en; path = en.lproj/InfoPlist.strings; sourceTree = "<group>"; };
		581D2293190F79E0008FEE34 /* CrashReportTests.m */ = {isa = PBXFileReference; lastKnownFileType = sourcecode.c.objc; path = CrashReportTests.m; sourceTree = "<group>"; };
/* End PBXFileReference section */

/* Begin PBXFrameworksBuildPhase section */
		581D2262190F79DF008FEE34 /* Frameworks */ = {
			isa = PBXFrameworksBuildPhase;
			buildActionMask = 2147483647;
			files = (
				581D226B190F79DF008FEE34 /* CoreGraphics.framework in Frameworks */,
				581D226D190F79DF008FEE34 /* UIKit.framework in Frameworks */,
				581D2269190F79DF008FEE34 /* Foundation.framework in Frameworks */,
			);
			runOnlyForDeploymentPostprocessing = 0;
		};
		581D2283190F79E0008FEE34 /* Frameworks */ = {
			isa = PBXFrameworksBuildPhase;
			buildActionMask = 2147483647;
			files = (
				581D2288190F79E0008FEE34 /* XCTest.framework in Frameworks */,
				581D228A190F79E0008FEE34 /* UIKit.framework in Frameworks */,
				581D2289190F79E0008FEE34 /* Foundation.framework in Frameworks */,
			);
			runOnlyForDeploymentPostprocessing = 0;
		};
/* End PBXFrameworksBuildPhase section */

/* Begin PBXGroup section */
		581D225C190F79DF008FEE34 = {
			isa = PBXGroup;
			children = (
				581D226E190F79DF008FEE34 /* CrashReport */,
				581D228D190F79E0008FEE34 /* CrashReportTests */,
				581D2267190F79DF008FEE34 /* Frameworks */,
				581D2266190F79DF008FEE34 /* Products */,
			);
			sourceTree = "<group>";
		};
		581D2266190F79DF008FEE34 /* Products */ = {
			isa = PBXGroup;
			children = (
				581D2265190F79DF008FEE34 /* CrashReport.app */,
				581D2286190F79E0008FEE34 /* CrashReportTests.xctest */,
			);
			name = Products;
			sourceTree = "<group>";
		};
		581D2267190F79DF008FEE34 /* Frameworks */ = {
			isa = PBXGroup;
			children = (
				581D2268190F79DF008FEE34 /* Foundation.framework */,
				581D226A190F79DF008FEE34 /* CoreGraphics.framework */,
				581D226C190F79DF008FEE34 /* UIKit.framework */,
				581D2287190F79E0008FEE34 /* XCTest.framework */,
			);
			name = Frameworks;
			sourceTree = "<group>";
		};
		581D226E190F79DF008FEE34 /* CrashReport */ = {
			isa = PBXGroup;
			children = (
				581D2277190F79DF008FEE34 /* AppDelegate.h */,
				581D2278190F79DF008FEE34 /* AppDelegate.m */,
				581D227A190F79DF008FEE34 /* Main.storyboard */,
				581D227D190F79DF008FEE34 /* ViewController.h */,
				581D227E190F79DF008FEE34 /* ViewController.m */,
				581D2280190F79DF008FEE34 /* Images.xcassets */,
				581D226F190F79DF008FEE34 /* Supporting Files */,
			);
			path = CrashReport;
			sourceTree = "<group>";
		};
		581D226F190F79DF008FEE34 /* Supporting Files */ = {
			isa = PBXGroup;
			children = (
				581D2270190F79DF008FEE34 /* CrashReport-Info.plist */,
				581D2271190F79DF008FEE34 /* InfoPlist.strings */,
				581D2274190F79DF008FEE34 /* main.m */,
				581D2276190F79DF008FEE34 /* CrashReport-Prefix.pch */,
			);
			name = "Supporting Files";
			sourceTree = "<group>";
		};
		581D228D190F79E0008FEE34 /* CrashReportTests */ = {
			isa = PBXGroup;
			children = (
				581D2293190F79E0008FEE34 /* CrashReportTests.m */,
				581D228E190F79E0008FEE34 /* Supporting Files */,
			);
			path = CrashReportTests;
			sourceTree = "<group>";
		};
		581D228E190F79E0008FEE34 /* Supporting Files */ = {
			isa = PBXGroup;
			children = (
				581D228F190F79E0008FEE34 /* CrashReportTests-Info.plist */,
				581D2290190F79E0008FEE34 /* InfoPlist.strings */,
			);
			name = "Supporting Files";
			sourceTree = "<group>";
		};
/* End PBXGroup section */

/* Begin PBXNativeTarget section */
		581D2264190F79DF008FEE34 /* CrashReport */ = {
			isa = PBXNativeTarget;
			buildConfigurationList = 581D2297190F79E0008FEE34 /* Build configuration list for PBXNativeTarget "CrashReport" */;
			buildPhases = (
				581D2261190F79DF008FEE34 /* Sources */,
				581D2262190F79DF008FEE34 /* Frameworks */,
				581D2263190F79DF008FEE34 /* Resources */,
				581D229D190FD4D9008FEE34 /* ShellScript */,
				581D229E190FDB64008FEE34 /* ShellScript */,
			);
			buildRules = (
			);
			dependencies = (
			);
			name = CrashReport;
			productName = CrashReport;
			productReference = 581D2265190F79DF008FEE34 /* CrashReport.app */;
			productType = "com.apple.product-type.application";
		};
		581D2285190F79E0008FEE34 /* CrashReportTests */ = {
			isa = PBXNativeTarget;
			buildConfigurationList = 581D229A190F79E0008FEE34 /* Build configuration list for PBXNativeTarget "CrashReportTests" */;
			buildPhases = (
				581D2282190F79E0008FEE34 /* Sources */,
				581D2283190F79E0008FEE34 /* Frameworks */,
				581D2284190F79E0008FEE34 /* Resources */,
			);
			buildRules = (
			);
			dependencies = (
				581D228C190F79E0008FEE34 /* PBXTargetDependency */,
			);
			name = CrashReportTests;
			productName = CrashReportTests;
			productReference = 581D2286190F79E0008FEE34 /* CrashReportTests.xctest */;
			productType = "com.apple.product-type.bundle.unit-test";
		};
/* End PBXNativeTarget section */

/* Begin PBXProject section */
		581D225D190F79DF008FEE34 /* Project object */ = {
			isa = PBXProject;
			attributes = {
				LastUpgradeCheck = 0510;
				ORGANIZATIONNAME = Imaginea;
				TargetAttributes = {
					581D2285190F79E0008FEE34 = {
						TestTargetID = 581D2264190F79DF008FEE34;
					};
				};
			};
			buildConfigurationList = 581D2260190F79DF008FEE34 /* Build configuration list for PBXProject "CrashReport" */;
			compatibilityVersion = "Xcode 3.2";
			developmentRegion = English;
			hasScannedForEncodings = 0;
			knownRegions = (
				en,
				Base,
			);
			mainGroup = 581D225C190F79DF008FEE34;
			productRefGroup = 581D2266190F79DF008FEE34 /* Products */;
			projectDirPath = "";
			projectRoot = "";
			targets = (
				581D2264190F79DF008FEE34 /* CrashReport */,
				581D2285190F79E0008FEE34 /* CrashReportTests */,
			);
		};
/* End PBXProject section */

/* Begin PBXResourcesBuildPhase section */
		581D2263190F79DF008FEE34 /* Resources */ = {
			isa = PBXResourcesBuildPhase;
			buildActionMask = 2147483647;
			files = (
				581D2281190F79DF008FEE34 /* Images.xcassets in Resources */,
				581D2273190F79DF008FEE34 /* InfoPlist.strings in Resources */,
				581D227C190F79DF008FEE34 /* Main.storyboard in Resources */,
			);
			runOnlyForDeploymentPostprocessing = 0;
		};
		581D2284190F79E0008FEE34 /* Resources */ = {
			isa = PBXResourcesBuildPhase;
			buildActionMask = 2147483647;
			files = (
				581D2292190F79E0008FEE34 /* InfoPlist.strings in Resources */,
			);
			runOnlyForDeploymentPostprocessing = 0;
		};
/* End PBXResourcesBuildPhase section */

/* Begin PBXShellScriptBuildPhase section */
		581D229D190FD4D9008FEE34 /* ShellScript */ = {
			isa = PBXShellScriptBuildPhase;
			buildActionMask = 2147483647;
			files = (
			);
			inputPaths = (
			);
			outputPaths = (
			);
			runOnlyForDeploymentPostprocessing = 0;
			shellPath = /bin/sh;
			shellScript = "if [ \"$BUILD_STYLE\" == \"Debug\" ]; then\necho \"Skipping debug\"\nexit 0;\nfi\n\nif [ \"$EFFECTIVE_PLATFORM_NAME\" == \"-iphonesimulator\" ]; then\necho \"Skipping simulator build\"\nexit 0;\nfi\n\nif [ -d ${PROJECT_DIR}/dSYM ];then\necho \"Directory ${PROJECT_DIR}/dSYM exists.\"\nelse\nmkdir -p ${PROJECT_DIR}/dSYM\necho \"Directory: ${PROJECT_DIR}/dSYM creating.\"\nfi\n\nSRC_PATH=${DWARF_DSYM_FOLDER_PATH}/${DWARF_DSYM_FILE_NAME}\nRELATIVE_DEST_PATH=dSYM/${EXECUTABLE_NAME}.$(date +%Y%m%d%H%M%S).app.dSYM\nDEST_PATH=${PROJECT_DIR}/${RELATIVE_DEST_PATH}\necho \"moving ${SRC_PATH} to ${DEST_PATH}\"\n\nmv \"${SRC_PATH}\" \"${DEST_PATH}\"\n\nif [ -f \".git/config\" ]; then\ngit add \"${RELATIVE_DEST_PATH}\"\ngit commit -m \"Added dSYM file for ${BUILD_STYLE} build\" \"${RELATIVE_DEST_PATH}\"\nfi";
		};
		581D229E190FDB64008FEE34 /* ShellScript */ = {
			isa = PBXShellScriptBuildPhase;
			buildActionMask = 2147483647;
			files = (
			);
			inputPaths = (
			);
			outputPaths = (
			);
			runOnlyForDeploymentPostprocessing = 0;
			shellPath = /bin/sh;
			shellScript = "";
		};
/* End PBXShellScriptBuildPhase section */

/* Begin PBXSourcesBuildPhase section */
		581D2261190F79DF008FEE34 /* Sources */ = {
			isa = PBXSourcesBuildPhase;
			buildActionMask = 2147483647;
			files = (
				581D227F190F79DF008FEE34 /* ViewController.m in Sources */,
				581D2279190F79DF008FEE34 /* AppDelegate.m in Sources */,
				581D2275190F79DF008FEE34 /* main.m in Sources */,
			);
			runOnlyForDeploymentPostprocessing = 0;
		};
		581D2282190F79E0008FEE34 /* Sources */ = {
			isa = PBXSourcesBuildPhase;
			buildActionMask = 2147483647;
			files = (
				581D2294190F79E0008FEE34 /* CrashReportTests.m in Sources */,
			);
			runOnlyForDeploymentPostprocessing = 0;
		};
/* End PBXSourcesBuildPhase section */

/* Begin PBXTargetDependency section */
		581D228C190F79E0008FEE34 /* PBXTargetDependency */ = {
			isa = PBXTargetDependency;
			target = 581D2264190F79DF008FEE34 /* CrashReport */;
			targetProxy = 581D228B190F79E0008FEE34 /* PBXContainerItemProxy */;
		};
/* End PBXTargetDependency section */

/* Begin PBXVariantGroup section */
		581D2271190F79DF008FEE34 /* InfoPlist.strings */ = {
			isa = PBXVariantGroup;
			children = (
				581D2272190F79DF008FEE34 /* en */,
			);
			name = InfoPlist.strings;
			sourceTree = "<group>";
		};
		581D227A190F79DF008FEE34 /* Main.storyboard */ = {
			isa = PBXVariantGroup;
			children = (
				581D227B190F79DF008FEE34 /* Base */,
			);
			name = Main.storyboard;
			sourceTree = "<group>";
		};
		581D2290190F79E0008FEE34 /* InfoPlist.strings */ = {
			isa = PBXVariantGroup;
			children = (
				581D2291190F79E0008FEE34 /* en */,
			);
			name = InfoPlist.strings;
			sourceTree = "<group>";
		};
/* End PBXVariantGroup section */

/* Begin XCBuildConfiguration section */
		581D2295190F79E0008FEE34 /* Debug */ = {
			isa = XCBuildConfiguration;
			buildSettings = {
				ALWAYS_SEARCH_USER_PATHS = NO;
				CLANG_CXX_LANGUAGE_STANDARD = "gnu++0x";
				CLANG_CXX_LIBRARY = "libc++";
				CLANG_ENABLE_MODULES = YES;
				CLANG_ENABLE_OBJC_ARC = YES;
				CLANG_WARN_BOOL_CONVERSION = YES;
				CLANG_WARN_CONSTANT_CONVERSION = YES;
				CLANG_WARN_DIRECT_OBJC_ISA_USAGE = YES_ERROR;
				CLANG_WARN_EMPTY_BODY = YES;
				CLANG_WARN_ENUM_CONVERSION = YES;
				CLANG_WARN_INT_CONVERSION = YES;
				CLANG_WARN_OBJC_ROOT_CLASS = YES_ERROR;
				CLANG_WARN__DUPLICATE_METHOD_MATCH = YES;
				"CODE_SIGN_IDENTITY[sdk=iphoneos*]" = "iPhone Developer";
				COPY_PHASE_STRIP = NO;
				GCC_C_LANGUAGE_STANDARD = gnu99;
				GCC_DYNAMIC_NO_PIC = NO;
				GCC_OPTIMIZATION_LEVEL = 0;
				GCC_PREPROCESSOR_DEFINITIONS = (
					"DEBUG=1",
					"$(inherited)",
				);
				GCC_SYMBOLS_PRIVATE_EXTERN = NO;
				GCC_WARN_64_TO_32_BIT_CONVERSION = YES;
				GCC_WARN_ABOUT_RETURN_TYPE = YES_ERROR;
				GCC_WARN_UNDECLARED_SELECTOR = YES;
				GCC_WARN_UNINITIALIZED_AUTOS = YES_AGGRESSIVE;
				GCC_WARN_UNUSED_FUNCTION = YES;
				GCC_WARN_UNUSED_VARIABLE = YES;
				IPHONEOS_DEPLOYMENT_TARGET = 7.1;
				ONLY_ACTIVE_ARCH = YES;
				SDKROOT = iphoneos;
			};
			name = Debug;
		};
		581D2296190F79E0008FEE34 /* Release */ = {
			isa = XCBuildConfiguration;
			buildSettings = {
				ALWAYS_SEARCH_USER_PATHS = NO;
				CLANG_CXX_LANGUAGE_STANDARD = "gnu++0x";
				CLANG_CXX_LIBRARY = "libc++";
				CLANG_ENABLE_MODULES = YES;
				CLANG_ENABLE_OBJC_ARC = YES;
				CLANG_WARN_BOOL_CONVERSION = YES;
				CLANG_WARN_CONSTANT_CONVERSION = YES;
				CLANG_WARN_DIRECT_OBJC_ISA_USAGE = YES_ERROR;
				CLANG_WARN_EMPTY_BODY = YES;
				CLANG_WARN_ENUM_CONVERSION = YES;
				CLANG_WARN_INT_CONVERSION = YES;
				CLANG_WARN_OBJC_ROOT_CLASS = YES_ERROR;
				CLANG_WARN__DUPLICATE_METHOD_MATCH = YES;
				"CODE_SIGN_IDENTITY[sdk=iphoneos*]" = "iPhone Developer";
				COPY_PHASE_STRIP = YES;
				ENABLE_NS_ASSERTIONS = NO;
				GCC_C_LANGUAGE_STANDARD = gnu99;
				GCC_WARN_64_TO_32_BIT_CONVERSION = YES;
				GCC_WARN_ABOUT_RETURN_TYPE = YES_ERROR;
				GCC_WARN_UNDECLARED_SELECTOR = YES;
				GCC_WARN_UNINITIALIZED_AUTOS = YES_AGGRESSIVE;
				GCC_WARN_UNUSED_FUNCTION = YES;
				GCC_WARN_UNUSED_VARIABLE = YES;
				IPHONEOS_DEPLOYMENT_TARGET = 7.1;
				SDKROOT = iphoneos;
				VALIDATE_PRODUCT = YES;
			};
			name = Release;
		};
		581D2298190F79E0008FEE34 /* Debug */ = {
			isa = XCBuildConfiguration;
			buildSettings = {
				ASSETCATALOG_COMPILER_APPICON_NAME = AppIcon;
				ASSETCATALOG_COMPILER_LAUNCHIMAGE_NAME = LaunchImage;
				CODE_SIGN_IDENTITY = "iPhone Developer: Chandrashekar Sivaram (YV7X2T9P5U)";
				GCC_PRECOMPILE_PREFIX_HEADER = YES;
				GCC_PREFIX_HEADER = "CrashReport/CrashReport-Prefix.pch";
				INFOPLIST_FILE = "CrashReport/CrashReport-Info.plist";
				PRODUCT_NAME = "$(TARGET_NAME)";
				PROVISIONING_PROFILE = "19BA1ACA-B6EF-4093-AC1C-28F549EEEF49";
				WRAPPER_EXTENSION = app;
			};
			name = Debug;
		};
		581D2299190F79E0008FEE34 /* Release */ = {
			isa = XCBuildConfiguration;
			buildSettings = {
				ASSETCATALOG_COMPILER_APPICON_NAME = AppIcon;
				ASSETCATALOG_COMPILER_LAUNCHIMAGE_NAME = LaunchImage;
				CODE_SIGN_IDENTITY = "iPhone Developer: Chandrashekar Sivaram (YV7X2T9P5U)";
				GCC_PRECOMPILE_PREFIX_HEADER = YES;
				GCC_PREFIX_HEADER = "CrashReport/CrashReport-Prefix.pch";
				INFOPLIST_FILE = "CrashReport/CrashReport-Info.plist";
				PRODUCT_NAME = "$(TARGET_NAME)";
				PROVISIONING_PROFILE = "19BA1ACA-B6EF-4093-AC1C-28F549EEEF49";
				WRAPPER_EXTENSION = app;
			};
			name = Release;
		};
		581D229B190F79E0008FEE34 /* Debug */ = {
			isa = XCBuildConfiguration;
			buildSettings = {
				BUNDLE_LOADER = "$(BUILT_PRODUCTS_DIR)/CrashReport.app/CrashReport";
				FRAMEWORK_SEARCH_PATHS = (
					"$(SDKROOT)/Developer/Library/Frameworks",
					"$(inherited)",
					"$(DEVELOPER_FRAMEWORKS_DIR)",
				);
				GCC_PRECOMPILE_PREFIX_HEADER = YES;
				GCC_PREFIX_HEADER = "CrashReport/CrashReport-Prefix.pch";
				GCC_PREPROCESSOR_DEFINITIONS = (
					"DEBUG=1",
					"$(inherited)",
				);
				INFOPLIST_FILE = "CrashReportTests/CrashReportTests-Info.plist";
				PRODUCT_NAME = "$(TARGET_NAME)";
				TEST_HOST = "$(BUNDLE_LOADER)";
				WRAPPER_EXTENSION = xctest;
			};
			name = Debug;
		};
		581D229C190F79E0008FEE34 /* Release */ = {
			isa = XCBuildConfiguration;
			buildSettings = {
				BUNDLE_LOADER = "$(BUILT_PRODUCTS_DIR)/CrashReport.app/CrashReport";
				FRAMEWORK_SEARCH_PATHS = (
					"$(SDKROOT)/Developer/Library/Frameworks",
					"$(inherited)",
					"$(DEVELOPER_FRAMEWORKS_DIR)",
				);
				GCC_PRECOMPILE_PREFIX_HEADER = YES;
				GCC_PREFIX_HEADER = "CrashReport/CrashReport-Prefix.pch";
				INFOPLIST_FILE = "CrashReportTests/CrashReportTests-Info.plist";
				PRODUCT_NAME = "$(TARGET_NAME)";
				TEST_HOST = "$(BUNDLE_LOADER)";
				WRAPPER_EXTENSION = xctest;
			};
			name = Release;
		};
/* End XCBuildConfiguration section */

/* Begin XCConfigurationList section */
		581D2260190F79DF008FEE34 /* Build configuration list for PBXProject "CrashReport" */ = {
			isa = XCConfigurationList;
			buildConfigurations = (
				581D2295190F79E0008FEE34 /* Debug */,
				581D2296190F79E0008FEE34 /* Release */,
			);
			defaultConfigurationIsVisible = 0;
			defaultConfigurationName = Release;
		};
		581D2297190F79E0008FEE34 /* Build configuration list for PBXNativeTarget "CrashReport" */ = {
			isa = XCConfigurationList;
			buildConfigurations = (
				581D2298190F79E0008FEE34 /* Debug */,
				581D2299190F79E0008FEE34 /* Release */,
			);
			defaultConfigurationIsVisible = 0;
			defaultConfigurationName = Release;
		};
		581D229A190F79E0008FEE34 /* Build configuration list for PBXNativeTarget "CrashReportTests" */ = {
			isa = XCConfigurationList;
			buildConfigurations = (
				581D229B190F79E0008FEE34 /* Debug */,
				581D229C190F79E0008FEE34 /* Release */,
			);
			defaultConfigurationIsVisible = 0;
			defaultConfigurationName = Release;
		};
/* End XCConfigurationList section */
	};
	rootObject = 581D225D190F79DF008FEE34 /* Project object */;
}
